
Microsoft Visual Studio Solution File, Format Version 12.00
# Visual Studio Version 17
VisualStudioVersion = 17.2.32630.192
MinimumVisualStudioVersion = 10.0.40219.1
Project("{9A19103F-16F7-4668-BE54-9A1E7A4F7556}") = "R5T.L0084.Construction", "R5T.L0084.Construction\R5T.L0084.Construction.csproj", "{87860E8F-C19D-4749-9ED3-BBFAA66F3FCC}"
EndProject
Project("{9A19103F-16F7-4668-BE54-9A1E7A4F7556}") = "R5T.L0084", "R5T.L0084\R5T.L0084.csproj", "{35A1A1BF-5737-4F13-8766-B683BD8D4E2F}"
EndProject
Project("{9A19103F-16F7-4668-BE54-9A1E7A4F7556}") = "R5T.L0084.F001", "R5T.L0084.F001\R5T.L0084.F001.csproj", "{ACB63630-1555-4AC5-8280-B987B530A0DF}"
EndProject
Project("{2150E333-8FDC-42A3-9474-1A3956D46DE8}") = "_Dependencies", "_Dependencies", "{EB13BB05-747E-4A9F-BF35-F339E3E5DC10}"
EndProject
Project("{9A19103F-16F7-4668-BE54-9A1E7A4F7556}") = "R5T.F0000", "..\..\R5T.F0000\source\R5T.F0000\R5T.F0000.csproj", "{2244910A-8F60-4913-A681-FAE5DF30DA14}"
EndProject
Project("{9A19103F-16F7-4668-BE54-9A1E7A4F7556}") = "R5T.F0002", "..\..\R5T.F0002\source\R5T.F0002\R5T.F0002.csproj", "{1AC518F0-7946-46A7-B1BA-7A0768804891}"
EndProject
Project("{9A19103F-16F7-4668-BE54-9A1E7A4F7556}") = "R5T.F0059", "..\..\R5T.F0059\source\R5T.F0059\R5T.F0059.csproj", "{A3722167-77BE-43DB-8A19-4D175521EE72}"
EndProject
Project("{9A19103F-16F7-4668-BE54-9A1E7A4F7556}") = "R5T.F0120", "..\..\R5T.F0120\source\R5T.F0120\R5T.F0120.csproj", "{5808AFC8-130E-4BCC-A11A-E88E94F3C394}"
EndProject
Project("{9A19103F-16F7-4668-BE54-9A1E7A4F7556}") = "R5T.F0124", "..\..\R5T.F0124\source\R5T.F0124\R5T.F0124.csproj", "{C68743A8-70B5-483A-A3A4-CB09DA45C0D7}"
EndProject
Project("{9A19103F-16F7-4668-BE54-9A1E7A4F7556}") = "R5T.F0125", "..\..\R5T.F0125\source\R5T.F0125\R5T.F0125.csproj", "{AC638376-1F62-46BF-9E19-6D75A9FF3D99}"
EndProject
Project("{9A19103F-16F7-4668-BE54-9A1E7A4F7556}") = "R5T.L0030.T000", "..\..\R5T.L0030\source\R5T.L0030.T000\R5T.L0030.T000.csproj", "{1F185E40-A6EF-4933-BA2F-EBB911A476BF}"
EndProject
Project("{9A19103F-16F7-4668-BE54-9A1E7A4F7556}") = "R5T.L0030", "..\..\R5T.L0030\source\R5T.L0030\R5T.L0030.csproj", "{948BB688-DA8F-454B-8B13-F4A50C5B59FB}"
EndProject
Project("{9A19103F-16F7-4668-BE54-9A1E7A4F7556}") = "R5T.L0034", "..\..\R5T.L0034\source\R5T.L0034\R5T.L0034.csproj", "{19DB89C4-B97F-4AAA-BCDC-060023BA124C}"
EndProject
Project("{9A19103F-16F7-4668-BE54-9A1E7A4F7556}") = "R5T.L0035", "..\..\R5T.L0035\source\R5T.L0035\R5T.L0035.csproj", "{2EB7765F-61CD-4F62-9C66-F7BDE848A1A1}"
EndProject
Project("{9A19103F-16F7-4668-BE54-9A1E7A4F7556}") = "R5T.L0053", "..\..\R5T.L0053\source\R5T.L0053\R5T.L0053.csproj", "{065870B0-8C98-4DE2-97AA-244AD4B12B01}"
EndProject
Project("{9A19103F-16F7-4668-BE54-9A1E7A4F7556}") = "R5T.L0056", "..\..\R5T.L0056\source\R5T.L0056\R5T.L0056.csproj", "{03150319-B29C-4FE8-8BC0-3BF7052A7A05}"
EndProject
Project("{9A19103F-16F7-4668-BE54-9A1E7A4F7556}") = "R5T.L0066", "..\..\R5T.L0066\source\R5T.L0066\R5T.L0066.csproj", "{B3DB29EC-BE6B-40F2-BE55-023001799F8D}"
EndProject
Project("{9A19103F-16F7-4668-BE54-9A1E7A4F7556}") = "R5T.L0071", "..\..\R5T.L0071\source\R5T.L0071\R5T.L0071.csproj", "{28744245-2155-4A30-8722-B191A080F5F1}"
EndProject
Project("{9A19103F-16F7-4668-BE54-9A1E7A4F7556}") = "R5T.L0074", "..\..\R5T.L0074\source\R5T.L0074\R5T.L0074.csproj", "{ED7FB866-7CFF-41EF-806E-775BE5E6B8A7}"
EndProject
Project("{9A19103F-16F7-4668-BE54-9A1E7A4F7556}") = "R5T.NG0006", "..\..\R5T.NG0006\source\R5T.NG0006\R5T.NG0006.csproj", "{B1B5FF9E-D1B3-4890-8363-7ABCE6399965}"
EndProject
Project("{9A19103F-16F7-4668-BE54-9A1E7A4F7556}") = "R5T.NG0022", "..\..\R5T.NG0022\source\R5T.NG0022\R5T.NG0022.csproj", "{A5ACA360-1A50-472C-AC87-188687C35845}"
EndProject
Project("{9A19103F-16F7-4668-BE54-9A1E7A4F7556}") = "R5T.T0131", "..\..\R5T.T0131\source\R5T.T0131\R5T.T0131.csproj", "{C5DA8585-B583-422F-ACDF-9452950E0185}"
EndProject
Project("{9A19103F-16F7-4668-BE54-9A1E7A4F7556}") = "R5T.T0132", "..\..\R5T.T0132\source\R5T.T0132\R5T.T0132.csproj", "{8F6AC73D-04DB-4098-9B9D-3F86FF482B6E}"
EndProject
Project("{9A19103F-16F7-4668-BE54-9A1E7A4F7556}") = "R5T.T0142", "..\..\R5T.T0142\source\R5T.T0142\R5T.T0142.csproj", "{D5ECAC4B-4749-41CF-B06C-612F4B83E8EB}"
EndProject
Project("{9A19103F-16F7-4668-BE54-9A1E7A4F7556}") = "R5T.T0143", "..\..\R5T.T0143\source\R5T.T0143\R5T.T0143.csproj", "{637BBA62-EBDF-409B-B6E0-C5CD8B4F4A45}"
EndProject
Project("{9A19103F-16F7-4668-BE54-9A1E7A4F7556}") = "R5T.T0150", "..\..\R5T.T0150\source\R5T.T0150\R5T.T0150.csproj", "{9098E70E-95C6-441C-95AC-AF09DEA186FB}"
EndProject
Project("{9A19103F-16F7-4668-BE54-9A1E7A4F7556}") = "R5T.T0151", "..\..\R5T.T0151\source\R5T.T0151\R5T.T0151.csproj", "{68E1F65C-A778-4AEE-B94E-64B81C9F7A0D}"
EndProject
Project("{9A19103F-16F7-4668-BE54-9A1E7A4F7556}") = "R5T.T0156", "..\..\R5T.T0156\source\R5T.T0156\R5T.T0156.csproj", "{2DEAC294-A217-414D-934A-E49D0C5E0653}"
EndProject
Project("{9A19103F-16F7-4668-BE54-9A1E7A4F7556}") = "R5T.T0158", "..\..\R5T.T0158\source\R5T.T0158\R5T.T0158.csproj", "{DCCA49B7-D704-4372-919E-0921CA9C8635}"
EndProject
Project("{9A19103F-16F7-4668-BE54-9A1E7A4F7556}") = "R5T.T0159", "..\..\R5T.T0159\source\R5T.T0159\R5T.T0159.csproj", "{ED90FBA7-7471-4C58-B584-74F9EFA8D62F}"
EndProject
Project("{9A19103F-16F7-4668-BE54-9A1E7A4F7556}") = "R5T.T0172", "..\..\R5T.T0172\source\R5T.T0172\R5T.T0172.csproj", "{44DE996E-95FF-4669-9F22-10638AB977C9}"
EndProject
Project("{9A19103F-16F7-4668-BE54-9A1E7A4F7556}") = "R5T.T0174", "..\..\R5T.T0174\source\R5T.T0174\R5T.T0174.csproj", "{97092A34-DCAB-4886-9622-523D8523ECE6}"
EndProject
Project("{9A19103F-16F7-4668-BE54-9A1E7A4F7556}") = "R5T.T0176", "..\..\R5T.T0176\source\R5T.T0176\R5T.T0176.csproj", "{30D73EF6-8A56-47C9-8BCB-92966E32AC91}"
EndProject
Project("{9A19103F-16F7-4668-BE54-9A1E7A4F7556}") = "R5T.T0177", "..\..\R5T.T0177\source\R5T.T0177\R5T.T0177.csproj", "{EF2BF4C3-014B-4DA9-9B6A-B58082D12C7D}"
EndProject
Project("{9A19103F-16F7-4668-BE54-9A1E7A4F7556}") = "R5T.T0178", "..\..\R5T.T0178\source\R5T.T0178\R5T.T0178.csproj", "{155F7CD0-2E9D-4FF0-8EF1-7017F3593321}"
EndProject
Project("{9A19103F-16F7-4668-BE54-9A1E7A4F7556}") = "R5T.T0179", "..\..\R5T.T0179\source\R5T.T0179\R5T.T0179.csproj", "{EDB76ABD-091F-43E6-95C7-71057508D487}"
EndProject
Project("{9A19103F-16F7-4668-BE54-9A1E7A4F7556}") = "R5T.T0180", "..\..\R5T.T0180\source\R5T.T0180\R5T.T0180.csproj", "{35D4B04F-65BD-4F2E-A421-F16ABBFBC933}"
EndProject
Project("{9A19103F-16F7-4668-BE54-9A1E7A4F7556}") = "R5T.T0181", "..\..\R5T.T0181\source\R5T.T0181\R5T.T0181.csproj", "{62917088-EDC5-4177-B253-1EADB75515C2}"
EndProject
Project("{9A19103F-16F7-4668-BE54-9A1E7A4F7556}") = "R5T.T0185", "..\..\R5T.T0185\source\R5T.T0185\R5T.T0185.csproj", "{067DE6B5-9695-42B5-A40E-2843294CB563}"
EndProject
Project("{9A19103F-16F7-4668-BE54-9A1E7A4F7556}") = "R5T.T0199.T000", "..\..\R5T.T0199\source\R5T.T0199.T000\R5T.T0199.T000.csproj", "{D20FA87E-7DC9-4DC7-A4D2-2171C51B976B}"
EndProject
Project("{9A19103F-16F7-4668-BE54-9A1E7A4F7556}") = "R5T.T0199.T001", "..\..\R5T.T0199\source\R5T.T0199.T001\R5T.T0199.T001.csproj", "{301B8EC0-C484-4ADD-B9FD-3441130F5CEC}"
EndProject
Project("{9A19103F-16F7-4668-BE54-9A1E7A4F7556}") = "R5T.T0199", "..\..\R5T.T0199\source\R5T.T0199\R5T.T0199.csproj", "{DAFC4DA2-9A06-40C7-8ABD-618FC0BB7259}"
EndProject
Project("{9A19103F-16F7-4668-BE54-9A1E7A4F7556}") = "R5T.T0203", "..\..\R5T.T0203\source\R5T.T0203\R5T.T0203.csproj", "{FE87EF37-D843-4161-9D9E-B087907C808E}"
EndProject
Project("{9A19103F-16F7-4668-BE54-9A1E7A4F7556}") = "R5T.T0213", "..\..\R5T.T0213\source\R5T.T0213\R5T.T0213.csproj", "{01889E32-19A6-47DD-BAC8-9D2E8DB35493}"
EndProject
Project("{9A19103F-16F7-4668-BE54-9A1E7A4F7556}") = "R5T.T0218", "..\..\R5T.T0218\source\R5T.T0218\R5T.T0218.csproj", "{6EB38322-3D48-47B5-B2A1-D858D5395875}"
EndProject
Project("{9A19103F-16F7-4668-BE54-9A1E7A4F7556}") = "R5T.T0219", "..\..\R5T.T0219\source\R5T.T0219\R5T.T0219.csproj", "{B1C5E6CA-6B65-4B90-8BB0-F78E1C93FFF5}"
EndProject
Project("{9A19103F-16F7-4668-BE54-9A1E7A4F7556}") = "R5T.T0220", "..\..\R5T.T0220\source\R5T.T0220\R5T.T0220.csproj", "{6D084E1F-7E57-443D-A1EF-5E4B6A081560}"
EndProject
Project("{9A19103F-16F7-4668-BE54-9A1E7A4F7556}") = "R5T.T0221", "..\..\R5T.T0221\source\R5T.T0221\R5T.T0221.csproj", "{9080B11F-8E61-4835-B633-35F61961C47E}"
EndProject
Project("{9A19103F-16F7-4668-BE54-9A1E7A4F7556}") = "R5T.T0227", "..\..\R5T.T0227\source\R5T.T0227\R5T.T0227.csproj", "{0F0C0617-53BA-4126-8399-8E2BE18268F2}"
EndProject
Project("{9A19103F-16F7-4668-BE54-9A1E7A4F7556}") = "R5T.Y0000", "..\..\R5T.Y0000\source\R5T.Y0000\R5T.Y0000.csproj", "{E51FABF4-16A3-43D5-A0A1-4F28A728AF79}"
EndProject
Project("{9A19103F-16F7-4668-BE54-9A1E7A4F7556}") = "R5T.Y0006", "..\..\R5T.Y0006\source\R5T.Y0006\R5T.Y0006.csproj", "{4C1DF092-8451-4E11-8C97-BB8862811D68}"
EndProject
Project("{9A19103F-16F7-4668-BE54-9A1E7A4F7556}") = "R5T.Z0000", "..\..\R5T.Z0000\source\R5T.Z0000\R5T.Z0000.csproj", "{AF45FCDE-5731-4124-B97A-9CDED3CA5034}"
EndProject
Project("{9A19103F-16F7-4668-BE54-9A1E7A4F7556}") = "R5T.Z0010.Platform", "..\..\R5T.Z0010\source\R5T.Z0010.Platform\R5T.Z0010.Platform.csproj", "{A866F991-E271-4EE8-AE98-CDF69CBA7907}"
EndProject
Project("{9A19103F-16F7-4668-BE54-9A1E7A4F7556}") = "R5T.Z0010", "..\..\R5T.Z0010\source\R5T.Z0010\R5T.Z0010.csproj", "{B9F45A0F-64B4-4C9D-823B-25E5CF28B78C}"
EndProject
Project("{9A19103F-16F7-4668-BE54-9A1E7A4F7556}") = "R5T.Z0057.Platform", "..\..\R5T.Z0057\source\R5T.Z0057.Platform\R5T.Z0057.Platform.csproj", "{D97E1749-1416-4BA0-8E67-767DF8CFF482}"
EndProject
Project("{9A19103F-16F7-4668-BE54-9A1E7A4F7556}") = "R5T.Z0057", "..\..\R5T.Z0057\source\R5T.Z0057\R5T.Z0057.csproj", "{64B70C3A-5D51-41B6-95F7-08DF21EDD345}"
EndProject
Project("{9A19103F-16F7-4668-BE54-9A1E7A4F7556}") = "R5T.Z0058", "..\..\R5T.Z0058\source\R5T.Z0058\R5T.Z0058.csproj", "{EBFB75EE-E631-46EB-85FC-5A4651C7AAA8}"
EndProject
Project("{9A19103F-16F7-4668-BE54-9A1E7A4F7556}") = "R5T.L0072", "..\..\R5T.L0072\source\R5T.L0072\R5T.L0072.csproj", "{F5858221-5AAB-47D0-892D-B6287F26EF56}"
EndProject
Project("{9A19103F-16F7-4668-BE54-9A1E7A4F7556}") = "R5T.L0083.F001", "..\..\R5T.L0083\source\R5T.L0083.F001\R5T.L0083.F001.csproj", "{8AC0B0AD-BEA0-4814-8B84-77DA5ABEC339}"
EndProject
Project("{9A19103F-16F7-4668-BE54-9A1E7A4F7556}") = "R5T.NG0023", "..\..\R5T.NG0023\source\R5T.NG0023\R5T.NG0023.csproj", "{BA292F3F-5B72-4D6B-9D36-90C615DAC473}"
EndProject
Project("{9A19103F-16F7-4668-BE54-9A1E7A4F7556}") = "R5T.L0084.O001", "R5T.L0084.O001\R5T.L0084.O001.csproj", "{51F3E2FE-FDF8-4C1A-AEE2-BDAC534370DD}"
EndProject
Global
	GlobalSection(NestedProjects) = preSolution
		{2244910A-8F60-4913-A681-FAE5DF30DA14} = {EB13BB05-747E-4A9F-BF35-F339E3E5DC10}
		{1AC518F0-7946-46A7-B1BA-7A0768804891} = {EB13BB05-747E-4A9F-BF35-F339E3E5DC10}
		{A3722167-77BE-43DB-8A19-4D175521EE72} = {EB13BB05-747E-4A9F-BF35-F339E3E5DC10}
		{5808AFC8-130E-4BCC-A11A-E88E94F3C394} = {EB13BB05-747E-4A9F-BF35-F339E3E5DC10}
		{C68743A8-70B5-483A-A3A4-CB09DA45C0D7} = {EB13BB05-747E-4A9F-BF35-F339E3E5DC10}
		{AC638376-1F62-46BF-9E19-6D75A9FF3D99} = {EB13BB05-747E-4A9F-BF35-F339E3E5DC10}
		{1F185E40-A6EF-4933-BA2F-EBB911A476BF} = {EB13BB05-747E-4A9F-BF35-F339E3E5DC10}
		{948BB688-DA8F-454B-8B13-F4A50C5B59FB} = {EB13BB05-747E-4A9F-BF35-F339E3E5DC10}
		{19DB89C4-B97F-4AAA-BCDC-060023BA124C} = {EB13BB05-747E-4A9F-BF35-F339E3E5DC10}
		{2EB7765F-61CD-4F62-9C66-F7BDE848A1A1} = {EB13BB05-747E-4A9F-BF35-F339E3E5DC10}
		{065870B0-8C98-4DE2-97AA-244AD4B12B01} = {EB13BB05-747E-4A9F-BF35-F339E3E5DC10}
		{03150319-B29C-4FE8-8BC0-3BF7052A7A05} = {EB13BB05-747E-4A9F-BF35-F339E3E5DC10}
		{B3DB29EC-BE6B-40F2-BE55-023001799F8D} = {EB13BB05-747E-4A9F-BF35-F339E3E5DC10}
		{28744245-2155-4A30-8722-B191A080F5F1} = {EB13BB05-747E-4A9F-BF35-F339E3E5DC10}
		{ED7FB866-7CFF-41EF-806E-775BE5E6B8A7} = {EB13BB05-747E-4A9F-BF35-F339E3E5DC10}
		{B1B5FF9E-D1B3-4890-8363-7ABCE6399965} = {EB13BB05-747E-4A9F-BF35-F339E3E5DC10}
		{A5ACA360-1A50-472C-AC87-188687C35845} = {EB13BB05-747E-4A9F-BF35-F339E3E5DC10}
		{C5DA8585-B583-422F-ACDF-9452950E0185} = {EB13BB05-747E-4A9F-BF35-F339E3E5DC10}
		{8F6AC73D-04DB-4098-9B9D-3F86FF482B6E} = {EB13BB05-747E-4A9F-BF35-F339E3E5DC10}
		{D5ECAC4B-4749-41CF-B06C-612F4B83E8EB} = {EB13BB05-747E-4A9F-BF35-F339E3E5DC10}
		{637BBA62-EBDF-409B-B6E0-C5CD8B4F4A45} = {EB13BB05-747E-4A9F-BF35-F339E3E5DC10}
		{9098E70E-95C6-441C-95AC-AF09DEA186FB} = {EB13BB05-747E-4A9F-BF35-F339E3E5DC10}
		{68E1F65C-A778-4AEE-B94E-64B81C9F7A0D} = {EB13BB05-747E-4A9F-BF35-F339E3E5DC10}
		{2DEAC294-A217-414D-934A-E49D0C5E0653} = {EB13BB05-747E-4A9F-BF35-F339E3E5DC10}
		{DCCA49B7-D704-4372-919E-0921CA9C8635} = {EB13BB05-747E-4A9F-BF35-F339E3E5DC10}
		{ED90FBA7-7471-4C58-B584-74F9EFA8D62F} = {EB13BB05-747E-4A9F-BF35-F339E3E5DC10}
		{44DE996E-95FF-4669-9F22-10638AB977C9} = {EB13BB05-747E-4A9F-BF35-F339E3E5DC10}
		{97092A34-DCAB-4886-9622-523D8523ECE6} = {EB13BB05-747E-4A9F-BF35-F339E3E5DC10}
		{30D73EF6-8A56-47C9-8BCB-92966E32AC91} = {EB13BB05-747E-4A9F-BF35-F339E3E5DC10}
		{EF2BF4C3-014B-4DA9-9B6A-B58082D12C7D} = {EB13BB05-747E-4A9F-BF35-F339E3E5DC10}
		{155F7CD0-2E9D-4FF0-8EF1-7017F3593321} = {EB13BB05-747E-4A9F-BF35-F339E3E5DC10}
		{EDB76ABD-091F-43E6-95C7-71057508D487} = {EB13BB05-747E-4A9F-BF35-F339E3E5DC10}
		{35D4B04F-65BD-4F2E-A421-F16ABBFBC933} = {EB13BB05-747E-4A9F-BF35-F339E3E5DC10}
		{62917088-EDC5-4177-B253-1EADB75515C2} = {EB13BB05-747E-4A9F-BF35-F339E3E5DC10}
		{067DE6B5-9695-42B5-A40E-2843294CB563} = {EB13BB05-747E-4A9F-BF35-F339E3E5DC10}
		{D20FA87E-7DC9-4DC7-A4D2-2171C51B976B} = {EB13BB05-747E-4A9F-BF35-F339E3E5DC10}
		{301B8EC0-C484-4ADD-B9FD-3441130F5CEC} = {EB13BB05-747E-4A9F-BF35-F339E3E5DC10}
		{DAFC4DA2-9A06-40C7-8ABD-618FC0BB7259} = {EB13BB05-747E-4A9F-BF35-F339E3E5DC10}
		{FE87EF37-D843-4161-9D9E-B087907C808E} = {EB13BB05-747E-4A9F-BF35-F339E3E5DC10}
		{01889E32-19A6-47DD-BAC8-9D2E8DB35493} = {EB13BB05-747E-4A9F-BF35-F339E3E5DC10}
		{6EB38322-3D48-47B5-B2A1-D858D5395875} = {EB13BB05-747E-4A9F-BF35-F339E3E5DC10}
		{B1C5E6CA-6B65-4B90-8BB0-F78E1C93FFF5} = {EB13BB05-747E-4A9F-BF35-F339E3E5DC10}
		{6D084E1F-7E57-443D-A1EF-5E4B6A081560} = {EB13BB05-747E-4A9F-BF35-F339E3E5DC10}
		{9080B11F-8E61-4835-B633-35F61961C47E} = {EB13BB05-747E-4A9F-BF35-F339E3E5DC10}
		{0F0C0617-53BA-4126-8399-8E2BE18268F2} = {EB13BB05-747E-4A9F-BF35-F339E3E5DC10}
		{E51FABF4-16A3-43D5-A0A1-4F28A728AF79} = {EB13BB05-747E-4A9F-BF35-F339E3E5DC10}
		{4C1DF092-8451-4E11-8C97-BB8862811D68} = {EB13BB05-747E-4A9F-BF35-F339E3E5DC10}
		{AF45FCDE-5731-4124-B97A-9CDED3CA5034} = {EB13BB05-747E-4A9F-BF35-F339E3E5DC10}
		{A866F991-E271-4EE8-AE98-CDF69CBA7907} = {EB13BB05-747E-4A9F-BF35-F339E3E5DC10}
		{B9F45A0F-64B4-4C9D-823B-25E5CF28B78C} = {EB13BB05-747E-4A9F-BF35-F339E3E5DC10}
		{D97E1749-1416-4BA0-8E67-767DF8CFF482} = {EB13BB05-747E-4A9F-BF35-F339E3E5DC10}
		{64B70C3A-5D51-41B6-95F7-08DF21EDD345} = {EB13BB05-747E-4A9F-BF35-F339E3E5DC10}
		{EBFB75EE-E631-46EB-85FC-5A4651C7AAA8} = {EB13BB05-747E-4A9F-BF35-F339E3E5DC10}
		{F5858221-5AAB-47D0-892D-B6287F26EF56} = {EB13BB05-747E-4A9F-BF35-F339E3E5DC10}
		{8AC0B0AD-BEA0-4814-8B84-77DA5ABEC339} = {EB13BB05-747E-4A9F-BF35-F339E3E5DC10}
		{BA292F3F-5B72-4D6B-9D36-90C615DAC473} = {EB13BB05-747E-4A9F-BF35-F339E3E5DC10}
	EndGlobalSection
	GlobalSection(SolutionConfigurationPlatforms) = preSolution
		Debug|Any CPU = Debug|Any CPU
		Release|Any CPU = Release|Any CPU
	EndGlobalSection
	GlobalSection(ProjectConfigurationPlatforms) = postSolution
		{87860E8F-C19D-4749-9ED3-BBFAA66F3FCC}.Debug|Any CPU.ActiveCfg = Debug|Any CPU
		{87860E8F-C19D-4749-9ED3-BBFAA66F3FCC}.Debug|Any CPU.Build.0 = Debug|Any CPU
		{87860E8F-C19D-4749-9ED3-BBFAA66F3FCC}.Release|Any CPU.ActiveCfg = Release|Any CPU
		{87860E8F-C19D-4749-9ED3-BBFAA66F3FCC}.Release|Any CPU.Build.0 = Release|Any CPU
		{35A1A1BF-5737-4F13-8766-B683BD8D4E2F}.Debug|Any CPU.ActiveCfg = Debug|Any CPU
		{35A1A1BF-5737-4F13-8766-B683BD8D4E2F}.Debug|Any CPU.Build.0 = Debug|Any CPU
		{35A1A1BF-5737-4F13-8766-B683BD8D4E2F}.Release|Any CPU.ActiveCfg = Release|Any CPU
		{35A1A1BF-5737-4F13-8766-B683BD8D4E2F}.Release|Any CPU.Build.0 = Release|Any CPU
		{ACB63630-1555-4AC5-8280-B987B530A0DF}.Debug|Any CPU.ActiveCfg = Debug|Any CPU
		{ACB63630-1555-4AC5-8280-B987B530A0DF}.Debug|Any CPU.Build.0 = Debug|Any CPU
		{ACB63630-1555-4AC5-8280-B987B530A0DF}.Release|Any CPU.ActiveCfg = Release|Any CPU
		{ACB63630-1555-4AC5-8280-B987B530A0DF}.Release|Any CPU.Build.0 = Release|Any CPU
		{2244910A-8F60-4913-A681-FAE5DF30DA14}.Debug|Any CPU.ActiveCfg = Debug|Any CPU
		{2244910A-8F60-4913-A681-FAE5DF30DA14}.Debug|Any CPU.Build.0 = Debug|Any CPU
		{2244910A-8F60-4913-A681-FAE5DF30DA14}.Release|Any CPU.ActiveCfg = Release|Any CPU
		{2244910A-8F60-4913-A681-FAE5DF30DA14}.Release|Any CPU.Build.0 = Release|Any CPU
		{1AC518F0-7946-46A7-B1BA-7A0768804891}.Debug|Any CPU.ActiveCfg = Debug|Any CPU
		{1AC518F0-7946-46A7-B1BA-7A0768804891}.Debug|Any CPU.Build.0 = Debug|Any CPU
		{1AC518F0-7946-46A7-B1BA-7A0768804891}.Release|Any CPU.ActiveCfg = Release|Any CPU
		{1AC518F0-7946-46A7-B1BA-7A0768804891}.Release|Any CPU.Build.0 = Release|Any CPU
		{A3722167-77BE-43DB-8A19-4D175521EE72}.Debug|Any CPU.ActiveCfg = Debug|Any CPU
		{A3722167-77BE-43DB-8A19-4D175521EE72}.Debug|Any CPU.Build.0 = Debug|Any CPU
		{A3722167-77BE-43DB-8A19-4D175521EE72}.Release|Any CPU.ActiveCfg = Release|Any CPU
		{A3722167-77BE-43DB-8A19-4D175521EE72}.Release|Any CPU.Build.0 = Release|Any CPU
		{5808AFC8-130E-4BCC-A11A-E88E94F3C394}.Debug|Any CPU.ActiveCfg = Debug|Any CPU
		{5808AFC8-130E-4BCC-A11A-E88E94F3C394}.Debug|Any CPU.Build.0 = Debug|Any CPU
		{5808AFC8-130E-4BCC-A11A-E88E94F3C394}.Release|Any CPU.ActiveCfg = Release|Any CPU
		{5808AFC8-130E-4BCC-A11A-E88E94F3C394}.Release|Any CPU.Build.0 = Release|Any CPU
		{C68743A8-70B5-483A-A3A4-CB09DA45C0D7}.Debug|Any CPU.ActiveCfg = Debug|Any CPU
		{C68743A8-70B5-483A-A3A4-CB09DA45C0D7}.Debug|Any CPU.Build.0 = Debug|Any CPU
		{C68743A8-70B5-483A-A3A4-CB09DA45C0D7}.Release|Any CPU.ActiveCfg = Release|Any CPU
		{C68743A8-70B5-483A-A3A4-CB09DA45C0D7}.Release|Any CPU.Build.0 = Release|Any CPU
		{AC638376-1F62-46BF-9E19-6D75A9FF3D99}.Debug|Any CPU.ActiveCfg = Debug|Any CPU
		{AC638376-1F62-46BF-9E19-6D75A9FF3D99}.Debug|Any CPU.Build.0 = Debug|Any CPU
		{AC638376-1F62-46BF-9E19-6D75A9FF3D99}.Release|Any CPU.ActiveCfg = Release|Any CPU
		{AC638376-1F62-46BF-9E19-6D75A9FF3D99}.Release|Any CPU.Build.0 = Release|Any CPU
		{1F185E40-A6EF-4933-BA2F-EBB911A476BF}.Debug|Any CPU.ActiveCfg = Debug|Any CPU
		{1F185E40-A6EF-4933-BA2F-EBB911A476BF}.Debug|Any CPU.Build.0 = Debug|Any CPU
		{1F185E40-A6EF-4933-BA2F-EBB911A476BF}.Release|Any CPU.ActiveCfg = Release|Any CPU
		{1F185E40-A6EF-4933-BA2F-EBB911A476BF}.Release|Any CPU.Build.0 = Release|Any CPU
		{948BB688-DA8F-454B-8B13-F4A50C5B59FB}.Debug|Any CPU.ActiveCfg = Debug|Any CPU
		{948BB688-DA8F-454B-8B13-F4A50C5B59FB}.Debug|Any CPU.Build.0 = Debug|Any CPU
		{948BB688-DA8F-454B-8B13-F4A50C5B59FB}.Release|Any CPU.ActiveCfg = Release|Any CPU
		{948BB688-DA8F-454B-8B13-F4A50C5B59FB}.Release|Any CPU.Build.0 = Release|Any CPU
		{19DB89C4-B97F-4AAA-BCDC-060023BA124C}.Debug|Any CPU.ActiveCfg = Debug|Any CPU
		{19DB89C4-B97F-4AAA-BCDC-060023BA124C}.Debug|Any CPU.Build.0 = Debug|Any CPU
		{19DB89C4-B97F-4AAA-BCDC-060023BA124C}.Release|Any CPU.ActiveCfg = Release|Any CPU
		{19DB89C4-B97F-4AAA-BCDC-060023BA124C}.Release|Any CPU.Build.0 = Release|Any CPU
		{2EB7765F-61CD-4F62-9C66-F7BDE848A1A1}.Debug|Any CPU.ActiveCfg = Debug|Any CPU
		{2EB7765F-61CD-4F62-9C66-F7BDE848A1A1}.Debug|Any CPU.Build.0 = Debug|Any CPU
		{2EB7765F-61CD-4F62-9C66-F7BDE848A1A1}.Release|Any CPU.ActiveCfg = Release|Any CPU
		{2EB7765F-61CD-4F62-9C66-F7BDE848A1A1}.Release|Any CPU.Build.0 = Release|Any CPU
		{065870B0-8C98-4DE2-97AA-244AD4B12B01}.Debug|Any CPU.ActiveCfg = Debug|Any CPU
		{065870B0-8C98-4DE2-97AA-244AD4B12B01}.Debug|Any CPU.Build.0 = Debug|Any CPU
		{065870B0-8C98-4DE2-97AA-244AD4B12B01}.Release|Any CPU.ActiveCfg = Release|Any CPU
		{065870B0-8C98-4DE2-97AA-244AD4B12B01}.Release|Any CPU.Build.0 = Release|Any CPU
		{03150319-B29C-4FE8-8BC0-3BF7052A7A05}.Debug|Any CPU.ActiveCfg = Debug|Any CPU
		{03150319-B29C-4FE8-8BC0-3BF7052A7A05}.Debug|Any CPU.Build.0 = Debug|Any CPU
		{03150319-B29C-4FE8-8BC0-3BF7052A7A05}.Release|Any CPU.ActiveCfg = Release|Any CPU
		{03150319-B29C-4FE8-8BC0-3BF7052A7A05}.Release|Any CPU.Build.0 = Release|Any CPU
		{B3DB29EC-BE6B-40F2-BE55-023001799F8D}.Debug|Any CPU.ActiveCfg = Debug|Any CPU
		{B3DB29EC-BE6B-40F2-BE55-023001799F8D}.Debug|Any CPU.Build.0 = Debug|Any CPU
		{B3DB29EC-BE6B-40F2-BE55-023001799F8D}.Release|Any CPU.ActiveCfg = Release|Any CPU
		{B3DB29EC-BE6B-40F2-BE55-023001799F8D}.Release|Any CPU.Build.0 = Release|Any CPU
		{28744245-2155-4A30-8722-B191A080F5F1}.Debug|Any CPU.ActiveCfg = Debug|Any CPU
		{28744245-2155-4A30-8722-B191A080F5F1}.Debug|Any CPU.Build.0 = Debug|Any CPU
		{28744245-2155-4A30-8722-B191A080F5F1}.Release|Any CPU.ActiveCfg = Release|Any CPU
		{28744245-2155-4A30-8722-B191A080F5F1}.Release|Any CPU.Build.0 = Release|Any CPU
		{ED7FB866-7CFF-41EF-806E-775BE5E6B8A7}.Debug|Any CPU.ActiveCfg = Debug|Any CPU
		{ED7FB866-7CFF-41EF-806E-775BE5E6B8A7}.Debug|Any CPU.Build.0 = Debug|Any CPU
		{ED7FB866-7CFF-41EF-806E-775BE5E6B8A7}.Release|Any CPU.ActiveCfg = Release|Any CPU
		{ED7FB866-7CFF-41EF-806E-775BE5E6B8A7}.Release|Any CPU.Build.0 = Release|Any CPU
		{B1B5FF9E-D1B3-4890-8363-7ABCE6399965}.Debug|Any CPU.ActiveCfg = Debug|Any CPU
		{B1B5FF9E-D1B3-4890-8363-7ABCE6399965}.Debug|Any CPU.Build.0 = Debug|Any CPU
		{B1B5FF9E-D1B3-4890-8363-7ABCE6399965}.Release|Any CPU.ActiveCfg = Release|Any CPU
		{B1B5FF9E-D1B3-4890-8363-7ABCE6399965}.Release|Any CPU.Build.0 = Release|Any CPU
		{A5ACA360-1A50-472C-AC87-188687C35845}.Debug|Any CPU.ActiveCfg = Debug|Any CPU
		{A5ACA360-1A50-472C-AC87-188687C35845}.Debug|Any CPU.Build.0 = Debug|Any CPU
		{A5ACA360-1A50-472C-AC87-188687C35845}.Release|Any CPU.ActiveCfg = Release|Any CPU
		{A5ACA360-1A50-472C-AC87-188687C35845}.Release|Any CPU.Build.0 = Release|Any CPU
		{C5DA8585-B583-422F-ACDF-9452950E0185}.Debug|Any CPU.ActiveCfg = Debug|Any CPU
		{C5DA8585-B583-422F-ACDF-9452950E0185}.Debug|Any CPU.Build.0 = Debug|Any CPU
		{C5DA8585-B583-422F-ACDF-9452950E0185}.Release|Any CPU.ActiveCfg = Release|Any CPU
		{C5DA8585-B583-422F-ACDF-9452950E0185}.Release|Any CPU.Build.0 = Release|Any CPU
		{8F6AC73D-04DB-4098-9B9D-3F86FF482B6E}.Debug|Any CPU.ActiveCfg = Debug|Any CPU
		{8F6AC73D-04DB-4098-9B9D-3F86FF482B6E}.Debug|Any CPU.Build.0 = Debug|Any CPU
		{8F6AC73D-04DB-4098-9B9D-3F86FF482B6E}.Release|Any CPU.ActiveCfg = Release|Any CPU
		{8F6AC73D-04DB-4098-9B9D-3F86FF482B6E}.Release|Any CPU.Build.0 = Release|Any CPU
		{D5ECAC4B-4749-41CF-B06C-612F4B83E8EB}.Debug|Any CPU.ActiveCfg = Debug|Any CPU
		{D5ECAC4B-4749-41CF-B06C-612F4B83E8EB}.Debug|Any CPU.Build.0 = Debug|Any CPU
		{D5ECAC4B-4749-41CF-B06C-612F4B83E8EB}.Release|Any CPU.ActiveCfg = Release|Any CPU
		{D5ECAC4B-4749-41CF-B06C-612F4B83E8EB}.Release|Any CPU.Build.0 = Release|Any CPU
		{637BBA62-EBDF-409B-B6E0-C5CD8B4F4A45}.Debug|Any CPU.ActiveCfg = Debug|Any CPU
		{637BBA62-EBDF-409B-B6E0-C5CD8B4F4A45}.Debug|Any CPU.Build.0 = Debug|Any CPU
		{637BBA62-EBDF-409B-B6E0-C5CD8B4F4A45}.Release|Any CPU.ActiveCfg = Release|Any CPU
		{637BBA62-EBDF-409B-B6E0-C5CD8B4F4A45}.Release|Any CPU.Build.0 = Release|Any CPU
		{9098E70E-95C6-441C-95AC-AF09DEA186FB}.Debug|Any CPU.ActiveCfg = Debug|Any CPU
		{9098E70E-95C6-441C-95AC-AF09DEA186FB}.Debug|Any CPU.Build.0 = Debug|Any CPU
		{9098E70E-95C6-441C-95AC-AF09DEA186FB}.Release|Any CPU.ActiveCfg = Release|Any CPU
		{9098E70E-95C6-441C-95AC-AF09DEA186FB}.Release|Any CPU.Build.0 = Release|Any CPU
		{68E1F65C-A778-4AEE-B94E-64B81C9F7A0D}.Debug|Any CPU.ActiveCfg = Debug|Any CPU
		{68E1F65C-A778-4AEE-B94E-64B81C9F7A0D}.Debug|Any CPU.Build.0 = Debug|Any CPU
		{68E1F65C-A778-4AEE-B94E-64B81C9F7A0D}.Release|Any CPU.ActiveCfg = Release|Any CPU
		{68E1F65C-A778-4AEE-B94E-64B81C9F7A0D}.Release|Any CPU.Build.0 = Release|Any CPU
		{2DEAC294-A217-414D-934A-E49D0C5E0653}.Debug|Any CPU.ActiveCfg = Debug|Any CPU
		{2DEAC294-A217-414D-934A-E49D0C5E0653}.Debug|Any CPU.Build.0 = Debug|Any CPU
		{2DEAC294-A217-414D-934A-E49D0C5E0653}.Release|Any CPU.ActiveCfg = Release|Any CPU
		{2DEAC294-A217-414D-934A-E49D0C5E0653}.Release|Any CPU.Build.0 = Release|Any CPU
		{DCCA49B7-D704-4372-919E-0921CA9C8635}.Debug|Any CPU.ActiveCfg = Debug|Any CPU
		{DCCA49B7-D704-4372-919E-0921CA9C8635}.Debug|Any CPU.Build.0 = Debug|Any CPU
		{DCCA49B7-D704-4372-919E-0921CA9C8635}.Release|Any CPU.ActiveCfg = Release|Any CPU
		{DCCA49B7-D704-4372-919E-0921CA9C8635}.Release|Any CPU.Build.0 = Release|Any CPU
		{ED90FBA7-7471-4C58-B584-74F9EFA8D62F}.Debug|Any CPU.ActiveCfg = Debug|Any CPU
		{ED90FBA7-7471-4C58-B584-74F9EFA8D62F}.Debug|Any CPU.Build.0 = Debug|Any CPU
		{ED90FBA7-7471-4C58-B584-74F9EFA8D62F}.Release|Any CPU.ActiveCfg = Release|Any CPU
		{ED90FBA7-7471-4C58-B584-74F9EFA8D62F}.Release|Any CPU.Build.0 = Release|Any CPU
		{44DE996E-95FF-4669-9F22-10638AB977C9}.Debug|Any CPU.ActiveCfg = Debug|Any CPU
		{44DE996E-95FF-4669-9F22-10638AB977C9}.Debug|Any CPU.Build.0 = Debug|Any CPU
		{44DE996E-95FF-4669-9F22-10638AB977C9}.Release|Any CPU.ActiveCfg = Release|Any CPU
		{44DE996E-95FF-4669-9F22-10638AB977C9}.Release|Any CPU.Build.0 = Release|Any CPU
		{97092A34-DCAB-4886-9622-523D8523ECE6}.Debug|Any CPU.ActiveCfg = Debug|Any CPU
		{97092A34-DCAB-4886-9622-523D8523ECE6}.Debug|Any CPU.Build.0 = Debug|Any CPU
		{97092A34-DCAB-4886-9622-523D8523ECE6}.Release|Any CPU.ActiveCfg = Release|Any CPU
		{97092A34-DCAB-4886-9622-523D8523ECE6}.Release|Any CPU.Build.0 = Release|Any CPU
		{30D73EF6-8A56-47C9-8BCB-92966E32AC91}.Debug|Any CPU.ActiveCfg = Debug|Any CPU
		{30D73EF6-8A56-47C9-8BCB-92966E32AC91}.Debug|Any CPU.Build.0 = Debug|Any CPU
		{30D73EF6-8A56-47C9-8BCB-92966E32AC91}.Release|Any CPU.ActiveCfg = Release|Any CPU
		{30D73EF6-8A56-47C9-8BCB-92966E32AC91}.Release|Any CPU.Build.0 = Release|Any CPU
		{EF2BF4C3-014B-4DA9-9B6A-B58082D12C7D}.Debug|Any CPU.ActiveCfg = Debug|Any CPU
		{EF2BF4C3-014B-4DA9-9B6A-B58082D12C7D}.Debug|Any CPU.Build.0 = Debug|Any CPU
		{EF2BF4C3-014B-4DA9-9B6A-B58082D12C7D}.Release|Any CPU.ActiveCfg = Release|Any CPU
		{EF2BF4C3-014B-4DA9-9B6A-B58082D12C7D}.Release|Any CPU.Build.0 = Release|Any CPU
		{155F7CD0-2E9D-4FF0-8EF1-7017F3593321}.Debug|Any CPU.ActiveCfg = Debug|Any CPU
		{155F7CD0-2E9D-4FF0-8EF1-7017F3593321}.Debug|Any CPU.Build.0 = Debug|Any CPU
		{155F7CD0-2E9D-4FF0-8EF1-7017F3593321}.Release|Any CPU.ActiveCfg = Release|Any CPU
		{155F7CD0-2E9D-4FF0-8EF1-7017F3593321}.Release|Any CPU.Build.0 = Release|Any CPU
		{EDB76ABD-091F-43E6-95C7-71057508D487}.Debug|Any CPU.ActiveCfg = Debug|Any CPU
		{EDB76ABD-091F-43E6-95C7-71057508D487}.Debug|Any CPU.Build.0 = Debug|Any CPU
		{EDB76ABD-091F-43E6-95C7-71057508D487}.Release|Any CPU.ActiveCfg = Release|Any CPU
		{EDB76ABD-091F-43E6-95C7-71057508D487}.Release|Any CPU.Build.0 = Release|Any CPU
		{35D4B04F-65BD-4F2E-A421-F16ABBFBC933}.Debug|Any CPU.ActiveCfg = Debug|Any CPU
		{35D4B04F-65BD-4F2E-A421-F16ABBFBC933}.Debug|Any CPU.Build.0 = Debug|Any CPU
		{35D4B04F-65BD-4F2E-A421-F16ABBFBC933}.Release|Any CPU.ActiveCfg = Release|Any CPU
		{35D4B04F-65BD-4F2E-A421-F16ABBFBC933}.Release|Any CPU.Build.0 = Release|Any CPU
		{62917088-EDC5-4177-B253-1EADB75515C2}.Debug|Any CPU.ActiveCfg = Debug|Any CPU
		{62917088-EDC5-4177-B253-1EADB75515C2}.Debug|Any CPU.Build.0 = Debug|Any CPU
		{62917088-EDC5-4177-B253-1EADB75515C2}.Release|Any CPU.ActiveCfg = Release|Any CPU
		{62917088-EDC5-4177-B253-1EADB75515C2}.Release|Any CPU.Build.0 = Release|Any CPU
		{067DE6B5-9695-42B5-A40E-2843294CB563}.Debug|Any CPU.ActiveCfg = Debug|Any CPU
		{067DE6B5-9695-42B5-A40E-2843294CB563}.Debug|Any CPU.Build.0 = Debug|Any CPU
		{067DE6B5-9695-42B5-A40E-2843294CB563}.Release|Any CPU.ActiveCfg = Release|Any CPU
		{067DE6B5-9695-42B5-A40E-2843294CB563}.Release|Any CPU.Build.0 = Release|Any CPU
		{D20FA87E-7DC9-4DC7-A4D2-2171C51B976B}.Debug|Any CPU.ActiveCfg = Debug|Any CPU
		{D20FA87E-7DC9-4DC7-A4D2-2171C51B976B}.Debug|Any CPU.Build.0 = Debug|Any CPU
		{D20FA87E-7DC9-4DC7-A4D2-2171C51B976B}.Release|Any CPU.ActiveCfg = Release|Any CPU
		{D20FA87E-7DC9-4DC7-A4D2-2171C51B976B}.Release|Any CPU.Build.0 = Release|Any CPU
		{301B8EC0-C484-4ADD-B9FD-3441130F5CEC}.Debug|Any CPU.ActiveCfg = Debug|Any CPU
		{301B8EC0-C484-4ADD-B9FD-3441130F5CEC}.Debug|Any CPU.Build.0 = Debug|Any CPU
		{301B8EC0-C484-4ADD-B9FD-3441130F5CEC}.Release|Any CPU.ActiveCfg = Release|Any CPU
		{301B8EC0-C484-4ADD-B9FD-3441130F5CEC}.Release|Any CPU.Build.0 = Release|Any CPU
		{DAFC4DA2-9A06-40C7-8ABD-618FC0BB7259}.Debug|Any CPU.ActiveCfg = Debug|Any CPU
		{DAFC4DA2-9A06-40C7-8ABD-618FC0BB7259}.Debug|Any CPU.Build.0 = Debug|Any CPU
		{DAFC4DA2-9A06-40C7-8ABD-618FC0BB7259}.Release|Any CPU.ActiveCfg = Release|Any CPU
		{DAFC4DA2-9A06-40C7-8ABD-618FC0BB7259}.Release|Any CPU.Build.0 = Release|Any CPU
		{FE87EF37-D843-4161-9D9E-B087907C808E}.Debug|Any CPU.ActiveCfg = Debug|Any CPU
		{FE87EF37-D843-4161-9D9E-B087907C808E}.Debug|Any CPU.Build.0 = Debug|Any CPU
		{FE87EF37-D843-4161-9D9E-B087907C808E}.Release|Any CPU.ActiveCfg = Release|Any CPU
		{FE87EF37-D843-4161-9D9E-B087907C808E}.Release|Any CPU.Build.0 = Release|Any CPU
		{01889E32-19A6-47DD-BAC8-9D2E8DB35493}.Debug|Any CPU.ActiveCfg = Debug|Any CPU
		{01889E32-19A6-47DD-BAC8-9D2E8DB35493}.Debug|Any CPU.Build.0 = Debug|Any CPU
		{01889E32-19A6-47DD-BAC8-9D2E8DB35493}.Release|Any CPU.ActiveCfg = Release|Any CPU
		{01889E32-19A6-47DD-BAC8-9D2E8DB35493}.Release|Any CPU.Build.0 = Release|Any CPU
		{6EB38322-3D48-47B5-B2A1-D858D5395875}.Debug|Any CPU.ActiveCfg = Debug|Any CPU
		{6EB38322-3D48-47B5-B2A1-D858D5395875}.Debug|Any CPU.Build.0 = Debug|Any CPU
		{6EB38322-3D48-47B5-B2A1-D858D5395875}.Release|Any CPU.ActiveCfg = Release|Any CPU
		{6EB38322-3D48-47B5-B2A1-D858D5395875}.Release|Any CPU.Build.0 = Release|Any CPU
		{B1C5E6CA-6B65-4B90-8BB0-F78E1C93FFF5}.Debug|Any CPU.ActiveCfg = Debug|Any CPU
		{B1C5E6CA-6B65-4B90-8BB0-F78E1C93FFF5}.Debug|Any CPU.Build.0 = Debug|Any CPU
		{B1C5E6CA-6B65-4B90-8BB0-F78E1C93FFF5}.Release|Any CPU.ActiveCfg = Release|Any CPU
		{B1C5E6CA-6B65-4B90-8BB0-F78E1C93FFF5}.Release|Any CPU.Build.0 = Release|Any CPU
		{6D084E1F-7E57-443D-A1EF-5E4B6A081560}.Debug|Any CPU.ActiveCfg = Debug|Any CPU
		{6D084E1F-7E57-443D-A1EF-5E4B6A081560}.Debug|Any CPU.Build.0 = Debug|Any CPU
		{6D084E1F-7E57-443D-A1EF-5E4B6A081560}.Release|Any CPU.ActiveCfg = Release|Any CPU
		{6D084E1F-7E57-443D-A1EF-5E4B6A081560}.Release|Any CPU.Build.0 = Release|Any CPU
		{9080B11F-8E61-4835-B633-35F61961C47E}.Debug|Any CPU.ActiveCfg = Debug|Any CPU
		{9080B11F-8E61-4835-B633-35F61961C47E}.Debug|Any CPU.Build.0 = Debug|Any CPU
		{9080B11F-8E61-4835-B633-35F61961C47E}.Release|Any CPU.ActiveCfg = Release|Any CPU
		{9080B11F-8E61-4835-B633-35F61961C47E}.Release|Any CPU.Build.0 = Release|Any CPU
		{0F0C0617-53BA-4126-8399-8E2BE18268F2}.Debug|Any CPU.ActiveCfg = Debug|Any CPU
		{0F0C0617-53BA-4126-8399-8E2BE18268F2}.Debug|Any CPU.Build.0 = Debug|Any CPU
		{0F0C0617-53BA-4126-8399-8E2BE18268F2}.Release|Any CPU.ActiveCfg = Release|Any CPU
		{0F0C0617-53BA-4126-8399-8E2BE18268F2}.Release|Any CPU.Build.0 = Release|Any CPU
		{E51FABF4-16A3-43D5-A0A1-4F28A728AF79}.Debug|Any CPU.ActiveCfg = Debug|Any CPU
		{E51FABF4-16A3-43D5-A0A1-4F28A728AF79}.Debug|Any CPU.Build.0 = Debug|Any CPU
		{E51FABF4-16A3-43D5-A0A1-4F28A728AF79}.Release|Any CPU.ActiveCfg = Release|Any CPU
		{E51FABF4-16A3-43D5-A0A1-4F28A728AF79}.Release|Any CPU.Build.0 = Release|Any CPU
		{4C1DF092-8451-4E11-8C97-BB8862811D68}.Debug|Any CPU.ActiveCfg = Debug|Any CPU
		{4C1DF092-8451-4E11-8C97-BB8862811D68}.Debug|Any CPU.Build.0 = Debug|Any CPU
		{4C1DF092-8451-4E11-8C97-BB8862811D68}.Release|Any CPU.ActiveCfg = Release|Any CPU
		{4C1DF092-8451-4E11-8C97-BB8862811D68}.Release|Any CPU.Build.0 = Release|Any CPU
		{AF45FCDE-5731-4124-B97A-9CDED3CA5034}.Debug|Any CPU.ActiveCfg = Debug|Any CPU
		{AF45FCDE-5731-4124-B97A-9CDED3CA5034}.Debug|Any CPU.Build.0 = Debug|Any CPU
		{AF45FCDE-5731-4124-B97A-9CDED3CA5034}.Release|Any CPU.ActiveCfg = Release|Any CPU
		{AF45FCDE-5731-4124-B97A-9CDED3CA5034}.Release|Any CPU.Build.0 = Release|Any CPU
		{A866F991-E271-4EE8-AE98-CDF69CBA7907}.Debug|Any CPU.ActiveCfg = Debug|Any CPU
		{A866F991-E271-4EE8-AE98-CDF69CBA7907}.Debug|Any CPU.Build.0 = Debug|Any CPU
		{A866F991-E271-4EE8-AE98-CDF69CBA7907}.Release|Any CPU.ActiveCfg = Release|Any CPU
		{A866F991-E271-4EE8-AE98-CDF69CBA7907}.Release|Any CPU.Build.0 = Release|Any CPU
		{B9F45A0F-64B4-4C9D-823B-25E5CF28B78C}.Debug|Any CPU.ActiveCfg = Debug|Any CPU
		{B9F45A0F-64B4-4C9D-823B-25E5CF28B78C}.Debug|Any CPU.Build.0 = Debug|Any CPU
		{B9F45A0F-64B4-4C9D-823B-25E5CF28B78C}.Release|Any CPU.ActiveCfg = Release|Any CPU
		{B9F45A0F-64B4-4C9D-823B-25E5CF28B78C}.Release|Any CPU.Build.0 = Release|Any CPU
		{D97E1749-1416-4BA0-8E67-767DF8CFF482}.Debug|Any CPU.ActiveCfg = Debug|Any CPU
		{D97E1749-1416-4BA0-8E67-767DF8CFF482}.Debug|Any CPU.Build.0 = Debug|Any CPU
		{D97E1749-1416-4BA0-8E67-767DF8CFF482}.Release|Any CPU.ActiveCfg = Release|Any CPU
		{D97E1749-1416-4BA0-8E67-767DF8CFF482}.Release|Any CPU.Build.0 = Release|Any CPU
		{64B70C3A-5D51-41B6-95F7-08DF21EDD345}.Debug|Any CPU.ActiveCfg = Debug|Any CPU
		{64B70C3A-5D51-41B6-95F7-08DF21EDD345}.Debug|Any CPU.Build.0 = Debug|Any CPU
		{64B70C3A-5D51-41B6-95F7-08DF21EDD345}.Release|Any CPU.ActiveCfg = Release|Any CPU
		{64B70C3A-5D51-41B6-95F7-08DF21EDD345}.Release|Any CPU.Build.0 = Release|Any CPU
		{EBFB75EE-E631-46EB-85FC-5A4651C7AAA8}.Debug|Any CPU.ActiveCfg = Debug|Any CPU
		{EBFB75EE-E631-46EB-85FC-5A4651C7AAA8}.Debug|Any CPU.Build.0 = Debug|Any CPU
		{EBFB75EE-E631-46EB-85FC-5A4651C7AAA8}.Release|Any CPU.ActiveCfg = Release|Any CPU
		{EBFB75EE-E631-46EB-85FC-5A4651C7AAA8}.Release|Any CPU.Build.0 = Release|Any CPU
		{F5858221-5AAB-47D0-892D-B6287F26EF56}.Debug|Any CPU.ActiveCfg = Debug|Any CPU
		{F5858221-5AAB-47D0-892D-B6287F26EF56}.Debug|Any CPU.Build.0 = Debug|Any CPU
		{F5858221-5AAB-47D0-892D-B6287F26EF56}.Release|Any CPU.ActiveCfg = Release|Any CPU
		{F5858221-5AAB-47D0-892D-B6287F26EF56}.Release|Any CPU.Build.0 = Release|Any CPU
		{8AC0B0AD-BEA0-4814-8B84-77DA5ABEC339}.Debug|Any CPU.ActiveCfg = Debug|Any CPU
		{8AC0B0AD-BEA0-4814-8B84-77DA5ABEC339}.Debug|Any CPU.Build.0 = Debug|Any CPU
		{8AC0B0AD-BEA0-4814-8B84-77DA5ABEC339}.Release|Any CPU.ActiveCfg = Release|Any CPU
		{8AC0B0AD-BEA0-4814-8B84-77DA5ABEC339}.Release|Any CPU.Build.0 = Release|Any CPU
		{BA292F3F-5B72-4D6B-9D36-90C615DAC473}.Debug|Any CPU.ActiveCfg = Debug|Any CPU
		{BA292F3F-5B72-4D6B-9D36-90C615DAC473}.Debug|Any CPU.Build.0 = Debug|Any CPU
		{BA292F3F-5B72-4D6B-9D36-90C615DAC473}.Release|Any CPU.ActiveCfg = Release|Any CPU
		{BA292F3F-5B72-4D6B-9D36-90C615DAC473}.Release|Any CPU.Build.0 = Release|Any CPU
		{51F3E2FE-FDF8-4C1A-AEE2-BDAC534370DD}.Debug|Any CPU.ActiveCfg = Debug|Any CPU
		{51F3E2FE-FDF8-4C1A-AEE2-BDAC534370DD}.Debug|Any CPU.Build.0 = Debug|Any CPU
		{51F3E2FE-FDF8-4C1A-AEE2-BDAC534370DD}.Release|Any CPU.ActiveCfg = Release|Any CPU
		{51F3E2FE-FDF8-4C1A-AEE2-BDAC534370DD}.Release|Any CPU.Build.0 = Release|Any CPU
	EndGlobalSection
	GlobalSection(SolutionProperties) = preSolution
		HideSolutionNode = FALSE
	EndGlobalSection
	GlobalSection(ExtensibilityGlobals) = postSolution
		SolutionGuid = {07898239-703D-4E09-91E2-E5506851A14B}
	EndGlobalSection
EndGlobal
